
Microsoft Visual Studio Solution File, Format Version 12.00
# Visual Studio Version 17
VisualStudioVersion = 17.14.36221.1
MinimumVisualStudioVersion = 10.0.40219.1
Project("{FAE04EC0-301F-11D3-BF4B-00C04F79EFBC}") = "Demo1", "Demo1\Demo1.csproj", "{2392E3BF-2BD4-4C5D-ABA7-389B157E605D}"
EndProject
Project("{FAE04EC0-301F-11D3-BF4B-00C04F79EFBC}") = "interfacee", "interface\interfacee.csproj", "{71D332BA-3226-49B4-9483-6BF3E4BA37FA}"
EndProject
Project("{FAE04EC0-301F-11D3-BF4B-00C04F79EFBC}") = "DemoInterface", "DemoInterface\DemoInterface.csproj", "{1782A792-5B5D-48F9-BCD4-38C2B7597C83}"
EndProject
Project("{FAE04EC0-301F-11D3-BF4B-00C04F79EFBC}") = "template", "template\template.csproj", "{3CD8DA7C-C533-474F-874D-FD1E63DD13C0}"
EndProject
Project("{FAE04EC0-301F-11D3-BF4B-00C04F79EFBC}") = "Genric", "Genric\Genric.csproj", "{911D4FA2-5824-4945-BA7A-76E3F501C453}"
EndProject
Project("{FAE04EC0-301F-11D3-BF4B-00C04F79EFBC}") = "Demo2", "Demo2\Demo2.csproj", "{4D189B99-E2D9-4DF5-B5CF-F173261AC5CF}"
EndProject
Global
	GlobalSection(SolutionConfigurationPlatforms) = preSolution
		Debug|Any CPU = Debug|Any CPU
		Release|Any CPU = Release|Any CPU
	EndGlobalSection
	GlobalSection(ProjectConfigurationPlatforms) = postSolution
		{2392E3BF-2BD4-4C5D-ABA7-389B157E605D}.Debug|Any CPU.ActiveCfg = Debug|Any CPU
		{2392E3BF-2BD4-4C5D-ABA7-389B157E605D}.Debug|Any CPU.Build.0 = Debug|Any CPU
		{2392E3BF-2BD4-4C5D-ABA7-389B157E605D}.Release|Any CPU.ActiveCfg = Release|Any CPU
		{2392E3BF-2BD4-4C5D-ABA7-389B157E605D}.Release|Any CPU.Build.0 = Release|Any CPU
		{71D332BA-3226-49B4-9483-6BF3E4BA37FA}.Debug|Any CPU.ActiveCfg = Debug|Any CPU
		{71D332BA-3226-49B4-9483-6BF3E4BA37FA}.Debug|Any CPU.Build.0 = Debug|Any CPU
		{71D332BA-3226-49B4-9483-6BF3E4BA37FA}.Release|Any CPU.ActiveCfg = Release|Any CPU
		{71D332BA-3226-49B4-9483-6BF3E4BA37FA}.Release|Any CPU.Build.0 = Release|Any CPU
		{1782A792-5B5D-48F9-BCD4-38C2B7597C83}.Debug|Any CPU.ActiveCfg = Debug|Any CPU
		{1782A792-5B5D-48F9-BCD4-38C2B7597C83}.Debug|Any CPU.Build.0 = Debug|Any CPU
		{1782A792-5B5D-48F9-BCD4-38C2B7597C83}.Release|Any CPU.ActiveCfg = Release|Any CPU
		{1782A792-5B5D-48F9-BCD4-38C2B7597C83}.Release|Any CPU.Build.0 = Release|Any CPU
		{3CD8DA7C-C533-474F-874D-FD1E63DD13C0}.Debug|Any CPU.ActiveCfg = Debug|Any CPU
		{3CD8DA7C-C533-474F-874D-FD1E63DD13C0}.Debug|Any CPU.Build.0 = Debug|Any CPU
		{3CD8DA7C-C533-474F-874D-FD1E63DD13C0}.Release|Any CPU.ActiveCfg = Release|Any CPU
		{3CD8DA7C-C533-474F-874D-FD1E63DD13C0}.Release|Any CPU.Build.0 = Release|Any CPU
		{911D4FA2-5824-4945-BA7A-76E3F501C453}.Debug|Any CPU.ActiveCfg = Debug|Any CPU
		{911D4FA2-5824-4945-BA7A-76E3F501C453}.Debug|Any CPU.Build.0 = Debug|Any CPU
		{911D4FA2-5824-4945-BA7A-76E3F501C453}.Release|Any CPU.ActiveCfg = Release|Any CPU
		{911D4FA2-5824-4945-BA7A-76E3F501C453}.Release|Any CPU.Build.0 = Release|Any CPU
		{4D189B99-E2D9-4DF5-B5CF-F173261AC5CF}.Debug|Any CPU.ActiveCfg = Debug|Any CPU
		{4D189B99-E2D9-4DF5-B5CF-F173261AC5CF}.Debug|Any CPU.Build.0 = Debug|Any CPU
		{4D189B99-E2D9-4DF5-B5CF-F173261AC5CF}.Release|Any CPU.ActiveCfg = Release|Any CPU
		{4D189B99-E2D9-4DF5-B5CF-F173261AC5CF}.Release|Any CPU.Build.0 = Release|Any CPU
	EndGlobalSection
	GlobalSection(SolutionProperties) = preSolution
		HideSolutionNode = FALSE
	EndGlobalSection
	GlobalSection(ExtensibilityGlobals) = postSolution
		SolutionGuid = {584E7BAC-9B2E-46D3-9FE7-57BD6075F3F6}
	EndGlobalSection
EndGlobal
